
Microsoft Visual Studio Solution File, Format Version 12.00
# Visual Studio Version 17
VisualStudioVersion = 17.4.33213.308
MinimumVisualStudioVersion = 10.0.40219.1
Project("{FAE04EC0-301F-11D3-BF4B-00C04F79EFBC}") = "StudentPlusDemoProject", "StudentPlusDemoProject.csproj", "{AC7863ED-2052-4531-89CB-E5C41BA461CE}"
EndProject
Global
	GlobalSection(SolutionConfigurationPlatforms) = preSolution
		Debug|Any CPU = Debug|Any CPU
		Release|Any CPU = Release|Any CPU
	EndGlobalSection
	GlobalSection(ProjectConfigurationPlatforms) = postSolution
		{AC7863ED-2052-4531-89CB-E5C41BA461CE}.Debug|Any CPU.ActiveCfg = Debug|Any CPU
		{AC7863ED-2052-4531-89CB-E5C41BA461CE}.Debug|Any CPU.Build.0 = Debug|Any CPU
		{AC7863ED-2052-4531-89CB-E5C41BA461CE}.Release|Any CPU.ActiveCfg = Release|Any CPU
		{AC7863ED-2052-4531-89CB-E5C41BA461CE}.Release|Any CPU.Build.0 = Release|Any CPU
	EndGlobalSection
	GlobalSection(SolutionProperties) = preSolution
		HideSolutionNode = FALSE
	EndGlobalSection
	GlobalSection(ExtensibilityGlobals) = postSolution
		SolutionGuid = {FA5B3B13-C1FA-460C-B522-6CC963D3DBB4}
	EndGlobalSection
EndGlobal
